
Microsoft Visual Studio Solution File, Format Version 12.00
# Visual Studio Version 17
VisualStudioVersion = 17.12.35527.113 d17.12
MinimumVisualStudioVersion = 10.0.40219.1
Project("{FAE04EC0-301F-11D3-BF4B-00C04F79EFBC}") = "TwilioApi", "TwilioApi\TwilioApi.csproj", "{183A5E7A-45D7-4CE2-AD58-7C0C8CF6028A}"
EndProject
Project("{FAE04EC0-301F-11D3-BF4B-00C04F79EFBC}") = "TwilioUnitTesting", "TwilioUnitTesting\TwilioUnitTesting.csproj", "{F1AEB264-80B6-4B39-9239-B6AE26CE0A1E}"
EndProject
Global
	GlobalSection(SolutionConfigurationPlatforms) = preSolution
		Debug|Any CPU = Debug|Any CPU
		Release|Any CPU = Release|Any CPU
	EndGlobalSection
	GlobalSection(ProjectConfigurationPlatforms) = postSolution
		{183A5E7A-45D7-4CE2-AD58-7C0C8CF6028A}.Debug|Any CPU.ActiveCfg = Debug|Any CPU
		{183A5E7A-45D7-4CE2-AD58-7C0C8CF6028A}.Debug|Any CPU.Build.0 = Debug|Any CPU
		{183A5E7A-45D7-4CE2-AD58-7C0C8CF6028A}.Release|Any CPU.ActiveCfg = Release|Any CPU
		{183A5E7A-45D7-4CE2-AD58-7C0C8CF6028A}.Release|Any CPU.Build.0 = Release|Any CPU
		{F1AEB264-80B6-4B39-9239-B6AE26CE0A1E}.Debug|Any CPU.ActiveCfg = Debug|Any CPU
		{F1AEB264-80B6-4B39-9239-B6AE26CE0A1E}.Debug|Any CPU.Build.0 = Debug|Any CPU
		{F1AEB264-80B6-4B39-9239-B6AE26CE0A1E}.Release|Any CPU.ActiveCfg = Release|Any CPU
		{F1AEB264-80B6-4B39-9239-B6AE26CE0A1E}.Release|Any CPU.Build.0 = Release|Any CPU
	EndGlobalSection
	GlobalSection(SolutionProperties) = preSolution
		HideSolutionNode = FALSE
	EndGlobalSection
EndGlobal
